
Microsoft Visual Studio Solution File, Format Version 12.00
# Visual Studio Version 17
VisualStudioVersion = 17.0.31903.59
MinimumVisualStudioVersion = 10.0.40219.1
Project("{2150E333-8FDC-42A3-9474-1A3956D46DE8}") = "src", "src", "{115A8C0E-3F09-4725-BA04-7BD6AFDDA140}"
EndProject
Project("{FAE04EC0-301F-11D3-BF4B-00C04F79EFBC}") = "GreaterGrades", "src\GreaterGrades\GreaterGrades.csproj", "{BC92F634-B55A-4B7D-914C-DC47C96AED0A}"
EndProject
Project("{2150E333-8FDC-42A3-9474-1A3956D46DE8}") = "tests", "tests", "{BC0356F7-1824-44F3-B102-4F5854FE13A8}"
EndProject
Project("{FAE04EC0-301F-11D3-BF4B-00C04F79EFBC}") = "GreaterGrades.Tests", "tests\GreaterGrades.Tests\GreaterGrades.Tests.csproj", "{D0EA6B2A-2118-4DEC-AF56-370AAE01F792}"
EndProject
Global
	GlobalSection(SolutionConfigurationPlatforms) = preSolution
		Debug|Any CPU = Debug|Any CPU
		Release|Any CPU = Release|Any CPU
	EndGlobalSection
	GlobalSection(SolutionProperties) = preSolution
		HideSolutionNode = FALSE
	EndGlobalSection
	GlobalSection(ProjectConfigurationPlatforms) = postSolution
		{BC92F634-B55A-4B7D-914C-DC47C96AED0A}.Debug|Any CPU.ActiveCfg = Debug|Any CPU
		{BC92F634-B55A-4B7D-914C-DC47C96AED0A}.Debug|Any CPU.Build.0 = Debug|Any CPU
		{BC92F634-B55A-4B7D-914C-DC47C96AED0A}.Release|Any CPU.ActiveCfg = Release|Any CPU
		{BC92F634-B55A-4B7D-914C-DC47C96AED0A}.Release|Any CPU.Build.0 = Release|Any CPU
		{D0EA6B2A-2118-4DEC-AF56-370AAE01F792}.Debug|Any CPU.ActiveCfg = Debug|Any CPU
		{D0EA6B2A-2118-4DEC-AF56-370AAE01F792}.Debug|Any CPU.Build.0 = Debug|Any CPU
		{D0EA6B2A-2118-4DEC-AF56-370AAE01F792}.Release|Any CPU.ActiveCfg = Release|Any CPU
		{D0EA6B2A-2118-4DEC-AF56-370AAE01F792}.Release|Any CPU.Build.0 = Release|Any CPU
	EndGlobalSection
	GlobalSection(NestedProjects) = preSolution
		{BC92F634-B55A-4B7D-914C-DC47C96AED0A} = {115A8C0E-3F09-4725-BA04-7BD6AFDDA140}
		{D0EA6B2A-2118-4DEC-AF56-370AAE01F792} = {BC0356F7-1824-44F3-B102-4F5854FE13A8}
	EndGlobalSection
EndGlobal
